// !$*UTF8*$!
{
	archiveVersion = 1;
	classes = {
	};
	objectVersion = 56;
	objects = {

/* Begin PBXBuildFile section */
		1A8E5CDC1590701545BFCC8C /* Pods_myProjectTests.framework in Frameworks */ = {isa = PBXBuildFile; fileRef = A031941F9EAA9477EBA3F214 /* Pods_myProjectTests.framework */; };
		3362ADF876DDF560DE3B6C5B /* Pods_myProject_myProjectUITests.framework in Frameworks */ = {isa = PBXBuildFile; fileRef = 0A6E3431EABAC63FF12805EA /* Pods_myProject_myProjectUITests.framework */; };
		78C815842A3AED16001AF97E /* AppDelegate.swift in Sources */ = {isa = PBXBuildFile; fileRef = 78C815832A3AED16001AF97E /* AppDelegate.swift */; };
		78C815862A3AED16001AF97E /* SceneDelegate.swift in Sources */ = {isa = PBXBuildFile; fileRef = 78C815852A3AED16001AF97E /* SceneDelegate.swift */; };
		78C815882A3AED16001AF97E /* ViewController.swift in Sources */ = {isa = PBXBuildFile; fileRef = 78C815872A3AED16001AF97E /* ViewController.swift */; };
		78C8158B2A3AED16001AF97E /* Main.storyboard in Resources */ = {isa = PBXBuildFile; fileRef = 78C815892A3AED16001AF97E /* Main.storyboard */; };
		78C8158D2A3AED17001AF97E /* Assets.xcassets in Resources */ = {isa = PBXBuildFile; fileRef = 78C8158C2A3AED17001AF97E /* Assets.xcassets */; };
		78C815902A3AED17001AF97E /* LaunchScreen.storyboard in Resources */ = {isa = PBXBuildFile; fileRef = 78C8158E2A3AED17001AF97E /* LaunchScreen.storyboard */; };
		78C8159B2A3AED17001AF97E /* myProjectTests.swift in Sources */ = {isa = PBXBuildFile; fileRef = 78C8159A2A3AED17001AF97E /* myProjectTests.swift */; };
		78C815A52A3AED17001AF97E /* myProjectUITests.swift in Sources */ = {isa = PBXBuildFile; fileRef = 78C815A42A3AED17001AF97E /* myProjectUITests.swift */; };
		78C815A72A3AED17001AF97E /* myProjectUITestsLaunchTests.swift in Sources */ = {isa = PBXBuildFile; fileRef = 78C815A62A3AED17001AF97E /* myProjectUITestsLaunchTests.swift */; };
		78C815B42A3AF02A001AF97E /* GoogleService-Info.plist in Resources */ = {isa = PBXBuildFile; fileRef = 78C815B32A3AF02A001AF97E /* GoogleService-Info.plist */; };
		78C815B62A3AF90B001AF97E /* SignUpViewController.swift in Sources */ = {isa = PBXBuildFile; fileRef = 78C815B52A3AF90B001AF97E /* SignUpViewController.swift */; };
		78C815B82A3B3378001AF97E /* ChatViewController.swift in Sources */ = {isa = PBXBuildFile; fileRef = 78C815B72A3B3378001AF97E /* ChatViewController.swift */; };
		E5D0D35AD26D31AC74E957BD /* Pods_myProject.framework in Frameworks */ = {isa = PBXBuildFile; fileRef = 8CD21E2EF4B0E340CBB483D8 /* Pods_myProject.framework */; };
/* End PBXBuildFile section */

/* Begin PBXContainerItemProxy section */
		78C815972A3AED17001AF97E /* PBXContainerItemProxy */ = {
			isa = PBXContainerItemProxy;
			containerPortal = 78C815782A3AED16001AF97E /* Project object */;
			proxyType = 1;
			remoteGlobalIDString = 78C8157F2A3AED16001AF97E;
			remoteInfo = myProject;
		};
		78C815A12A3AED17001AF97E /* PBXContainerItemProxy */ = {
			isa = PBXContainerItemProxy;
			containerPortal = 78C815782A3AED16001AF97E /* Project object */;
			proxyType = 1;
			remoteGlobalIDString = 78C8157F2A3AED16001AF97E;
			remoteInfo = myProject;
		};
/* End PBXContainerItemProxy section */

/* Begin PBXFileReference section */
		0A6E3431EABAC63FF12805EA /* Pods_myProject_myProjectUITests.framework */ = {isa = PBXFileReference; explicitFileType = wrapper.framework; includeInIndex = 0; path = Pods_myProject_myProjectUITests.framework; sourceTree = BUILT_PRODUCTS_DIR; };
		3B3EF891341D84355EE9E6CB /* Pods-myProjectTests.release.xcconfig */ = {isa = PBXFileReference; includeInIndex = 1; lastKnownFileType = text.xcconfig; name = "Pods-myProjectTests.release.xcconfig"; path = "Target Support Files/Pods-myProjectTests/Pods-myProjectTests.release.xcconfig"; sourceTree = "<group>"; };
		76C1F0A4860FCE1C40CA4293 /* Pods-myProject.release.xcconfig */ = {isa = PBXFileReference; includeInIndex = 1; lastKnownFileType = text.xcconfig; name = "Pods-myProject.release.xcconfig"; path = "Target Support Files/Pods-myProject/Pods-myProject.release.xcconfig"; sourceTree = "<group>"; };
		78C815802A3AED16001AF97E /* myProject.app */ = {isa = PBXFileReference; explicitFileType = wrapper.application; includeInIndex = 0; path = myProject.app; sourceTree = BUILT_PRODUCTS_DIR; };
		78C815832A3AED16001AF97E /* AppDelegate.swift */ = {isa = PBXFileReference; lastKnownFileType = sourcecode.swift; path = AppDelegate.swift; sourceTree = "<group>"; };
		78C815852A3AED16001AF97E /* SceneDelegate.swift */ = {isa = PBXFileReference; lastKnownFileType = sourcecode.swift; path = SceneDelegate.swift; sourceTree = "<group>"; };
		78C815872A3AED16001AF97E /* ViewController.swift */ = {isa = PBXFileReference; lastKnownFileType = sourcecode.swift; path = ViewController.swift; sourceTree = "<group>"; };
		78C8158A2A3AED16001AF97E /* Base */ = {isa = PBXFileReference; lastKnownFileType = file.storyboard; name = Base; path = Base.lproj/Main.storyboard; sourceTree = "<group>"; };
		78C8158C2A3AED17001AF97E /* Assets.xcassets */ = {isa = PBXFileReference; lastKnownFileType = folder.assetcatalog; path = Assets.xcassets; sourceTree = "<group>"; };
		78C8158F2A3AED17001AF97E /* Base */ = {isa = PBXFileReference; lastKnownFileType = file.storyboard; name = Base; path = Base.lproj/LaunchScreen.storyboard; sourceTree = "<group>"; };
		78C815912A3AED17001AF97E /* Info.plist */ = {isa = PBXFileReference; lastKnownFileType = text.plist.xml; path = Info.plist; sourceTree = "<group>"; };
		78C815962A3AED17001AF97E /* myProjectTests.xctest */ = {isa = PBXFileReference; explicitFileType = wrapper.cfbundle; includeInIndex = 0; path = myProjectTests.xctest; sourceTree = BUILT_PRODUCTS_DIR; };
		78C8159A2A3AED17001AF97E /* myProjectTests.swift */ = {isa = PBXFileReference; lastKnownFileType = sourcecode.swift; path = myProjectTests.swift; sourceTree = "<group>"; };
		78C815A02A3AED17001AF97E /* myProjectUITests.xctest */ = {isa = PBXFileReference; explicitFileType = wrapper.cfbundle; includeInIndex = 0; path = myProjectUITests.xctest; sourceTree = BUILT_PRODUCTS_DIR; };
		78C815A42A3AED17001AF97E /* myProjectUITests.swift */ = {isa = PBXFileReference; lastKnownFileType = sourcecode.swift; path = myProjectUITests.swift; sourceTree = "<group>"; };
		78C815A62A3AED17001AF97E /* myProjectUITestsLaunchTests.swift */ = {isa = PBXFileReference; lastKnownFileType = sourcecode.swift; path = myProjectUITestsLaunchTests.swift; sourceTree = "<group>"; };
		78C815B32A3AF02A001AF97E /* GoogleService-Info.plist */ = {isa = PBXFileReference; fileEncoding = 4; lastKnownFileType = text.plist.xml; name = "GoogleService-Info.plist"; path = "../../../../../Downloads/GoogleService-Info.plist"; sourceTree = "<group>"; };
		78C815B52A3AF90B001AF97E /* SignUpViewController.swift */ = {isa = PBXFileReference; lastKnownFileType = sourcecode.swift; path = SignUpViewController.swift; sourceTree = "<group>"; };
		78C815B72A3B3378001AF97E /* ChatViewController.swift */ = {isa = PBXFileReference; lastKnownFileType = sourcecode.swift; path = ChatViewController.swift; sourceTree = "<group>"; };
		8CD21E2EF4B0E340CBB483D8 /* Pods_myProject.framework */ = {isa = PBXFileReference; explicitFileType = wrapper.framework; includeInIndex = 0; path = Pods_myProject.framework; sourceTree = BUILT_PRODUCTS_DIR; };
		926B65CA3F66D6B339C4D932 /* Pods-myProject-myProjectUITests.debug.xcconfig */ = {isa = PBXFileReference; includeInIndex = 1; lastKnownFileType = text.xcconfig; name = "Pods-myProject-myProjectUITests.debug.xcconfig"; path = "Target Support Files/Pods-myProject-myProjectUITests/Pods-myProject-myProjectUITests.debug.xcconfig"; sourceTree = "<group>"; };
		97F9B7710EECA3C566DE7368 /* Pods-myProjectTests.debug.xcconfig */ = {isa = PBXFileReference; includeInIndex = 1; lastKnownFileType = text.xcconfig; name = "Pods-myProjectTests.debug.xcconfig"; path = "Target Support Files/Pods-myProjectTests/Pods-myProjectTests.debug.xcconfig"; sourceTree = "<group>"; };
		A031941F9EAA9477EBA3F214 /* Pods_myProjectTests.framework */ = {isa = PBXFileReference; explicitFileType = wrapper.framework; includeInIndex = 0; path = Pods_myProjectTests.framework; sourceTree = BUILT_PRODUCTS_DIR; };
		AFD9C159A656EC7A64F35C6C /* Pods-myProject.debug.xcconfig */ = {isa = PBXFileReference; includeInIndex = 1; lastKnownFileType = text.xcconfig; name = "Pods-myProject.debug.xcconfig"; path = "Target Support Files/Pods-myProject/Pods-myProject.debug.xcconfig"; sourceTree = "<group>"; };
		B4F0FD85DF4C2645ABFB7948 /* Pods-myProject-myProjectUITests.release.xcconfig */ = {isa = PBXFileReference; includeInIndex = 1; lastKnownFileType = text.xcconfig; name = "Pods-myProject-myProjectUITests.release.xcconfig"; path = "Target Support Files/Pods-myProject-myProjectUITests/Pods-myProject-myProjectUITests.release.xcconfig"; sourceTree = "<group>"; };
/* End PBXFileReference section */

/* Begin PBXFrameworksBuildPhase section */
		78C8157D2A3AED16001AF97E /* Frameworks */ = {
			isa = PBXFrameworksBuildPhase;
			buildActionMask = 2147483647;
			files = (
				E5D0D35AD26D31AC74E957BD /* Pods_myProject.framework in Frameworks */,
			);
			runOnlyForDeploymentPostprocessing = 0;
		};
		78C815932A3AED17001AF97E /* Frameworks */ = {
			isa = PBXFrameworksBuildPhase;
			buildActionMask = 2147483647;
			files = (
				1A8E5CDC1590701545BFCC8C /* Pods_myProjectTests.framework in Frameworks */,
			);
			runOnlyForDeploymentPostprocessing = 0;
		};
		78C8159D2A3AED17001AF97E /* Frameworks */ = {
			isa = PBXFrameworksBuildPhase;
			buildActionMask = 2147483647;
			files = (
				3362ADF876DDF560DE3B6C5B /* Pods_myProject_myProjectUITests.framework in Frameworks */,
			);
			runOnlyForDeploymentPostprocessing = 0;
		};
/* End PBXFrameworksBuildPhase section */

/* Begin PBXGroup section */
		78C815772A3AED16001AF97E = {
			isa = PBXGroup;
			children = (
				78C815822A3AED16001AF97E /* myProject */,
				78C815992A3AED17001AF97E /* myProjectTests */,
				78C815A32A3AED17001AF97E /* myProjectUITests */,
				78C815812A3AED16001AF97E /* Products */,
				C5277FA0093E90866ED547F4 /* Pods */,
				79E61AF2AF8BF58DB8AE2902 /* Frameworks */,
			);
			sourceTree = "<group>";
		};
		78C815812A3AED16001AF97E /* Products */ = {
			isa = PBXGroup;
			children = (
				78C815802A3AED16001AF97E /* myProject.app */,
				78C815962A3AED17001AF97E /* myProjectTests.xctest */,
				78C815A02A3AED17001AF97E /* myProjectUITests.xctest */,
			);
			name = Products;
			sourceTree = "<group>";
		};
		78C815822A3AED16001AF97E /* myProject */ = {
			isa = PBXGroup;
			children = (
				78C815B32A3AF02A001AF97E /* GoogleService-Info.plist */,
				78C815832A3AED16001AF97E /* AppDelegate.swift */,
				78C815852A3AED16001AF97E /* SceneDelegate.swift */,
				78C815872A3AED16001AF97E /* ViewController.swift */,
				78C815B52A3AF90B001AF97E /* SignUpViewController.swift */,
				78C815892A3AED16001AF97E /* Main.storyboard */,
				78C815B72A3B3378001AF97E /* ChatViewController.swift */,
				78C8158C2A3AED17001AF97E /* Assets.xcassets */,
				78C8158E2A3AED17001AF97E /* LaunchScreen.storyboard */,
				78C815912A3AED17001AF97E /* Info.plist */,
			);
			path = myProject;
			sourceTree = "<group>";
		};
		78C815992A3AED17001AF97E /* myProjectTests */ = {
			isa = PBXGroup;
			children = (
				78C8159A2A3AED17001AF97E /* myProjectTests.swift */,
			);
			path = myProjectTests;
			sourceTree = "<group>";
		};
		78C815A32A3AED17001AF97E /* myProjectUITests */ = {
			isa = PBXGroup;
			children = (
				78C815A42A3AED17001AF97E /* myProjectUITests.swift */,
				78C815A62A3AED17001AF97E /* myProjectUITestsLaunchTests.swift */,
			);
			path = myProjectUITests;
			sourceTree = "<group>";
		};
		79E61AF2AF8BF58DB8AE2902 /* Frameworks */ = {
			isa = PBXGroup;
			children = (
				8CD21E2EF4B0E340CBB483D8 /* Pods_myProject.framework */,
				0A6E3431EABAC63FF12805EA /* Pods_myProject_myProjectUITests.framework */,
				A031941F9EAA9477EBA3F214 /* Pods_myProjectTests.framework */,
			);
			name = Frameworks;
			sourceTree = "<group>";
		};
		C5277FA0093E90866ED547F4 /* Pods */ = {
			isa = PBXGroup;
			children = (
				AFD9C159A656EC7A64F35C6C /* Pods-myProject.debug.xcconfig */,
				76C1F0A4860FCE1C40CA4293 /* Pods-myProject.release.xcconfig */,
				926B65CA3F66D6B339C4D932 /* Pods-myProject-myProjectUITests.debug.xcconfig */,
				B4F0FD85DF4C2645ABFB7948 /* Pods-myProject-myProjectUITests.release.xcconfig */,
				97F9B7710EECA3C566DE7368 /* Pods-myProjectTests.debug.xcconfig */,
				3B3EF891341D84355EE9E6CB /* Pods-myProjectTests.release.xcconfig */,
			);
			path = Pods;
			sourceTree = "<group>";
		};
/* End PBXGroup section */

/* Begin PBXNativeTarget section */
		78C8157F2A3AED16001AF97E /* myProject */ = {
			isa = PBXNativeTarget;
			buildConfigurationList = 78C815AA2A3AED17001AF97E /* Build configuration list for PBXNativeTarget "myProject" */;
			buildPhases = (
				C29DD53D311ECCB5327D40AA /* [CP] Check Pods Manifest.lock */,
				78C8157C2A3AED16001AF97E /* Sources */,
				78C8157D2A3AED16001AF97E /* Frameworks */,
				78C8157E2A3AED16001AF97E /* Resources */,
				9AADDFFA98C15AF4EF20D78F /* [CP] Embed Pods Frameworks */,
			);
			buildRules = (
			);
			dependencies = (
			);
			name = myProject;
			productName = myProject;
			productReference = 78C815802A3AED16001AF97E /* myProject.app */;
			productType = "com.apple.product-type.application";
		};
		78C815952A3AED17001AF97E /* myProjectTests */ = {
			isa = PBXNativeTarget;
			buildConfigurationList = 78C815AD2A3AED17001AF97E /* Build configuration list for PBXNativeTarget "myProjectTests" */;
			buildPhases = (
				9CD45077B24D7EB42F675D77 /* [CP] Check Pods Manifest.lock */,
				78C815922A3AED17001AF97E /* Sources */,
				78C815932A3AED17001AF97E /* Frameworks */,
				78C815942A3AED17001AF97E /* Resources */,
			);
			buildRules = (
			);
			dependencies = (
				78C815982A3AED17001AF97E /* PBXTargetDependency */,
			);
			name = myProjectTests;
			productName = myProjectTests;
			productReference = 78C815962A3AED17001AF97E /* myProjectTests.xctest */;
			productType = "com.apple.product-type.bundle.unit-test";
		};
		78C8159F2A3AED17001AF97E /* myProjectUITests */ = {
			isa = PBXNativeTarget;
			buildConfigurationList = 78C815B02A3AED17001AF97E /* Build configuration list for PBXNativeTarget "myProjectUITests" */;
			buildPhases = (
				8C0E2FBA46B83822D2961464 /* [CP] Check Pods Manifest.lock */,
				78C8159C2A3AED17001AF97E /* Sources */,
				78C8159D2A3AED17001AF97E /* Frameworks */,
				78C8159E2A3AED17001AF97E /* Resources */,
				1E95F3E4EEA3CACEDD7A7639 /* [CP] Embed Pods Frameworks */,
			);
			buildRules = (
			);
			dependencies = (
				78C815A22A3AED17001AF97E /* PBXTargetDependency */,
			);
			name = myProjectUITests;
			productName = myProjectUITests;
			productReference = 78C815A02A3AED17001AF97E /* myProjectUITests.xctest */;
			productType = "com.apple.product-type.bundle.ui-testing";
		};
/* End PBXNativeTarget section */

/* Begin PBXProject section */
		78C815782A3AED16001AF97E /* Project object */ = {
			isa = PBXProject;
			attributes = {
				BuildIndependentTargetsInParallel = 1;
				LastSwiftUpdateCheck = 1420;
				LastUpgradeCheck = 1420;
				TargetAttributes = {
					78C8157F2A3AED16001AF97E = {
						CreatedOnToolsVersion = 14.2;
					};
					78C815952A3AED17001AF97E = {
						CreatedOnToolsVersion = 14.2;
						TestTargetID = 78C8157F2A3AED16001AF97E;
					};
					78C8159F2A3AED17001AF97E = {
						CreatedOnToolsVersion = 14.2;
						TestTargetID = 78C8157F2A3AED16001AF97E;
					};
				};
			};
			buildConfigurationList = 78C8157B2A3AED16001AF97E /* Build configuration list for PBXProject "myProject" */;
			compatibilityVersion = "Xcode 14.0";
			developmentRegion = en;
			hasScannedForEncodings = 0;
			knownRegions = (
				en,
				Base,
			);
			mainGroup = 78C815772A3AED16001AF97E;
			productRefGroup = 78C815812A3AED16001AF97E /* Products */;
			projectDirPath = "";
			projectRoot = "";
			targets = (
				78C8157F2A3AED16001AF97E /* myProject */,
				78C815952A3AED17001AF97E /* myProjectTests */,
				78C8159F2A3AED17001AF97E /* myProjectUITests */,
			);
		};
/* End PBXProject section */

/* Begin PBXResourcesBuildPhase section */
		78C8157E2A3AED16001AF97E /* Resources */ = {
			isa = PBXResourcesBuildPhase;
			buildActionMask = 2147483647;
			files = (
				78C815902A3AED17001AF97E /* LaunchScreen.storyboard in Resources */,
				78C815B42A3AF02A001AF97E /* GoogleService-Info.plist in Resources */,
				78C8158D2A3AED17001AF97E /* Assets.xcassets in Resources */,
				78C8158B2A3AED16001AF97E /* Main.storyboard in Resources */,
			);
			runOnlyForDeploymentPostprocessing = 0;
		};
		78C815942A3AED17001AF97E /* Resources */ = {
			isa = PBXResourcesBuildPhase;
			buildActionMask = 2147483647;
			files = (
			);
			runOnlyForDeploymentPostprocessing = 0;
		};
		78C8159E2A3AED17001AF97E /* Resources */ = {
			isa = PBXResourcesBuildPhase;
			buildActionMask = 2147483647;
			files = (
			);
			runOnlyForDeploymentPostprocessing = 0;
		};
/* End PBXResourcesBuildPhase section */

/* Begin PBXShellScriptBuildPhase section */
		1E95F3E4EEA3CACEDD7A7639 /* [CP] Embed Pods Frameworks */ = {
			isa = PBXShellScriptBuildPhase;
			buildActionMask = 2147483647;
			files = (
			);
			inputFileListPaths = (
				"${PODS_ROOT}/Target Support Files/Pods-myProject-myProjectUITests/Pods-myProject-myProjectUITests-frameworks-${CONFIGURATION}-input-files.xcfilelist",
			);
			name = "[CP] Embed Pods Frameworks";
			outputFileListPaths = (
				"${PODS_ROOT}/Target Support Files/Pods-myProject-myProjectUITests/Pods-myProject-myProjectUITests-frameworks-${CONFIGURATION}-output-files.xcfilelist",
			);
			runOnlyForDeploymentPostprocessing = 0;
			shellPath = /bin/sh;
			shellScript = "\"${PODS_ROOT}/Target Support Files/Pods-myProject-myProjectUITests/Pods-myProject-myProjectUITests-frameworks.sh\"\n";
			showEnvVarsInLog = 0;
		};
		8C0E2FBA46B83822D2961464 /* [CP] Check Pods Manifest.lock */ = {
			isa = PBXShellScriptBuildPhase;
			buildActionMask = 2147483647;
			files = (
			);
			inputFileListPaths = (
			);
			inputPaths = (
				"${PODS_PODFILE_DIR_PATH}/Podfile.lock",
				"${PODS_ROOT}/Manifest.lock",
			);
			name = "[CP] Check Pods Manifest.lock";
			outputFileListPaths = (
			);
			outputPaths = (
				"$(DERIVED_FILE_DIR)/Pods-myProject-myProjectUITests-checkManifestLockResult.txt",
			);
			runOnlyForDeploymentPostprocessing = 0;
			shellPath = /bin/sh;
			shellScript = "diff \"${PODS_PODFILE_DIR_PATH}/Podfile.lock\" \"${PODS_ROOT}/Manifest.lock\" > /dev/null\nif [ $? != 0 ] ; then\n    # print error to STDERR\n    echo \"error: The sandbox is not in sync with the Podfile.lock. Run 'pod install' or update your CocoaPods installation.\" >&2\n    exit 1\nfi\n# This output is used by Xcode 'outputs' to avoid re-running this script phase.\necho \"SUCCESS\" > \"${SCRIPT_OUTPUT_FILE_0}\"\n";
			showEnvVarsInLog = 0;
		};
		9AADDFFA98C15AF4EF20D78F /* [CP] Embed Pods Frameworks */ = {
			isa = PBXShellScriptBuildPhase;
			buildActionMask = 2147483647;
			files = (
			);
			inputFileListPaths = (
				"${PODS_ROOT}/Target Support Files/Pods-myProject/Pods-myProject-frameworks-${CONFIGURATION}-input-files.xcfilelist",
			);
			name = "[CP] Embed Pods Frameworks";
			outputFileListPaths = (
				"${PODS_ROOT}/Target Support Files/Pods-myProject/Pods-myProject-frameworks-${CONFIGURATION}-output-files.xcfilelist",
			);
			runOnlyForDeploymentPostprocessing = 0;
			shellPath = /bin/sh;
			shellScript = "\"${PODS_ROOT}/Target Support Files/Pods-myProject/Pods-myProject-frameworks.sh\"\n";
			showEnvVarsInLog = 0;
		};
		9CD45077B24D7EB42F675D77 /* [CP] Check Pods Manifest.lock */ = {
			isa = PBXShellScriptBuildPhase;
			buildActionMask = 2147483647;
			files = (
			);
			inputFileListPaths = (
			);
			inputPaths = (
				"${PODS_PODFILE_DIR_PATH}/Podfile.lock",
				"${PODS_ROOT}/Manifest.lock",
			);
			name = "[CP] Check Pods Manifest.lock";
			outputFileListPaths = (
			);
			outputPaths = (
				"$(DERIVED_FILE_DIR)/Pods-myProjectTests-checkManifestLockResult.txt",
			);
			runOnlyForDeploymentPostprocessing = 0;
			shellPath = /bin/sh;
			shellScript = "diff \"${PODS_PODFILE_DIR_PATH}/Podfile.lock\" \"${PODS_ROOT}/Manifest.lock\" > /dev/null\nif [ $? != 0 ] ; then\n    # print error to STDERR\n    echo \"error: The sandbox is not in sync with the Podfile.lock. Run 'pod install' or update your CocoaPods installation.\" >&2\n    exit 1\nfi\n# This output is used by Xcode 'outputs' to avoid re-running this script phase.\necho \"SUCCESS\" > \"${SCRIPT_OUTPUT_FILE_0}\"\n";
			showEnvVarsInLog = 0;
		};
		C29DD53D311ECCB5327D40AA /* [CP] Check Pods Manifest.lock */ = {
			isa = PBXShellScriptBuildPhase;
			buildActionMask = 2147483647;
			files = (
			);
			inputFileListPaths = (
			);
			inputPaths = (
				"${PODS_PODFILE_DIR_PATH}/Podfile.lock",
				"${PODS_ROOT}/Manifest.lock",
			);
			name = "[CP] Check Pods Manifest.lock";
			outputFileListPaths = (
			);
			outputPaths = (
				"$(DERIVED_FILE_DIR)/Pods-myProject-checkManifestLockResult.txt",
			);
			runOnlyForDeploymentPostprocessing = 0;
			shellPath = /bin/sh;
			shellScript = "diff \"${PODS_PODFILE_DIR_PATH}/Podfile.lock\" \"${PODS_ROOT}/Manifest.lock\" > /dev/null\nif [ $? != 0 ] ; then\n    # print error to STDERR\n    echo \"error: The sandbox is not in sync with the Podfile.lock. Run 'pod install' or update your CocoaPods installation.\" >&2\n    exit 1\nfi\n# This output is used by Xcode 'outputs' to avoid re-running this script phase.\necho \"SUCCESS\" > \"${SCRIPT_OUTPUT_FILE_0}\"\n";
			showEnvVarsInLog = 0;
		};
/* End PBXShellScriptBuildPhase section */

/* Begin PBXSourcesBuildPhase section */
		78C8157C2A3AED16001AF97E /* Sources */ = {
			isa = PBXSourcesBuildPhase;
			buildActionMask = 2147483647;
			files = (
				78C815882A3AED16001AF97E /* ViewController.swift in Sources */,
				78C815842A3AED16001AF97E /* AppDelegate.swift in Sources */,
				78C815B62A3AF90B001AF97E /* SignUpViewController.swift in Sources */,
				78C815B82A3B3378001AF97E /* ChatViewController.swift in Sources */,
				78C815862A3AED16001AF97E /* SceneDelegate.swift in Sources */,
			);
			runOnlyForDeploymentPostprocessing = 0;
		};
		78C815922A3AED17001AF97E /* Sources */ = {
			isa = PBXSourcesBuildPhase;
			buildActionMask = 2147483647;
			files = (
				78C8159B2A3AED17001AF97E /* myProjectTests.swift in Sources */,
			);
			runOnlyForDeploymentPostprocessing = 0;
		};
		78C8159C2A3AED17001AF97E /* Sources */ = {
			isa = PBXSourcesBuildPhase;
			buildActionMask = 2147483647;
			files = (
				78C815A72A3AED17001AF97E /* myProjectUITestsLaunchTests.swift in Sources */,
				78C815A52A3AED17001AF97E /* myProjectUITests.swift in Sources */,
			);
			runOnlyForDeploymentPostprocessing = 0;
		};
/* End PBXSourcesBuildPhase section */

/* Begin PBXTargetDependency section */
		78C815982A3AED17001AF97E /* PBXTargetDependency */ = {
			isa = PBXTargetDependency;
			target = 78C8157F2A3AED16001AF97E /* myProject */;
			targetProxy = 78C815972A3AED17001AF97E /* PBXContainerItemProxy */;
		};
		78C815A22A3AED17001AF97E /* PBXTargetDependency */ = {
			isa = PBXTargetDependency;
			target = 78C8157F2A3AED16001AF97E /* myProject */;
			targetProxy = 78C815A12A3AED17001AF97E /* PBXContainerItemProxy */;
		};
/* End PBXTargetDependency section */

/* Begin PBXVariantGroup section */
		78C815892A3AED16001AF97E /* Main.storyboard */ = {
			isa = PBXVariantGroup;
			children = (
				78C8158A2A3AED16001AF97E /* Base */,
			);
			name = Main.storyboard;
			sourceTree = "<group>";
		};
		78C8158E2A3AED17001AF97E /* LaunchScreen.storyboard */ = {
			isa = PBXVariantGroup;
			children = (
				78C8158F2A3AED17001AF97E /* Base */,
			);
			name = LaunchScreen.storyboard;
			sourceTree = "<group>";
		};
/* End PBXVariantGroup section */

/* Begin XCBuildConfiguration section */
		78C815A82A3AED17001AF97E /* Debug */ = {
			isa = XCBuildConfiguration;
			buildSettings = {
				ALWAYS_SEARCH_USER_PATHS = NO;
				CLANG_ANALYZER_NONNULL = YES;
				CLANG_ANALYZER_NUMBER_OBJECT_CONVERSION = YES_AGGRESSIVE;
				CLANG_CXX_LANGUAGE_STANDARD = "gnu++20";
				CLANG_ENABLE_MODULES = YES;
				CLANG_ENABLE_OBJC_ARC = YES;
				CLANG_ENABLE_OBJC_WEAK = YES;
				CLANG_WARN_BLOCK_CAPTURE_AUTORELEASING = YES;
				CLANG_WARN_BOOL_CONVERSION = YES;
				CLANG_WARN_COMMA = YES;
				CLANG_WARN_CONSTANT_CONVERSION = YES;
				CLANG_WARN_DEPRECATED_OBJC_IMPLEMENTATIONS = YES;
				CLANG_WARN_DIRECT_OBJC_ISA_USAGE = YES_ERROR;
				CLANG_WARN_DOCUMENTATION_COMMENTS = YES;
				CLANG_WARN_EMPTY_BODY = YES;
				CLANG_WARN_ENUM_CONVERSION = YES;
				CLANG_WARN_INFINITE_RECURSION = YES;
				CLANG_WARN_INT_CONVERSION = YES;
				CLANG_WARN_NON_LITERAL_NULL_CONVERSION = YES;
				CLANG_WARN_OBJC_IMPLICIT_RETAIN_SELF = YES;
				CLANG_WARN_OBJC_LITERAL_CONVERSION = YES;
				CLANG_WARN_OBJC_ROOT_CLASS = YES_ERROR;
				CLANG_WARN_QUOTED_INCLUDE_IN_FRAMEWORK_HEADER = YES;
				CLANG_WARN_RANGE_LOOP_ANALYSIS = YES;
				CLANG_WARN_STRICT_PROTOTYPES = YES;
				CLANG_WARN_SUSPICIOUS_MOVE = YES;
				CLANG_WARN_UNGUARDED_AVAILABILITY = YES_AGGRESSIVE;
				CLANG_WARN_UNREACHABLE_CODE = YES;
				CLANG_WARN__DUPLICATE_METHOD_MATCH = YES;
				COPY_PHASE_STRIP = NO;
				DEBUG_INFORMATION_FORMAT = dwarf;
				ENABLE_STRICT_OBJC_MSGSEND = YES;
				ENABLE_TESTABILITY = YES;
				GCC_C_LANGUAGE_STANDARD = gnu11;
				GCC_DYNAMIC_NO_PIC = NO;
				GCC_NO_COMMON_BLOCKS = YES;
				GCC_OPTIMIZATION_LEVEL = 0;
				GCC_PREPROCESSOR_DEFINITIONS = (
					"DEBUG=1",
					"$(inherited)",
				);
				GCC_WARN_64_TO_32_BIT_CONVERSION = YES;
				GCC_WARN_ABOUT_RETURN_TYPE = YES_ERROR;
				GCC_WARN_UNDECLARED_SELECTOR = YES;
				GCC_WARN_UNINITIALIZED_AUTOS = YES_AGGRESSIVE;
				GCC_WARN_UNUSED_FUNCTION = YES;
				GCC_WARN_UNUSED_VARIABLE = YES;
				IPHONEOS_DEPLOYMENT_TARGET = 16.2;
				MTL_ENABLE_DEBUG_INFO = INCLUDE_SOURCE;
				MTL_FAST_MATH = YES;
				ONLY_ACTIVE_ARCH = YES;
				SDKROOT = iphoneos;
				SWIFT_ACTIVE_COMPILATION_CONDITIONS = DEBUG;
				SWIFT_OPTIMIZATION_LEVEL = "-Onone";
			};
			name = Debug;
		};
		78C815A92A3AED17001AF97E /* Release */ = {
			isa = XCBuildConfiguration;
			buildSettings = {
				ALWAYS_SEARCH_USER_PATHS = NO;
				CLANG_ANALYZER_NONNULL = YES;
				CLANG_ANALYZER_NUMBER_OBJECT_CONVERSION = YES_AGGRESSIVE;
				CLANG_CXX_LANGUAGE_STANDARD = "gnu++20";
				CLANG_ENABLE_MODULES = YES;
				CLANG_ENABLE_OBJC_ARC = YES;
				CLANG_ENABLE_OBJC_WEAK = YES;
				CLANG_WARN_BLOCK_CAPTURE_AUTORELEASING = YES;
				CLANG_WARN_BOOL_CONVERSION = YES;
				CLANG_WARN_COMMA = YES;
				CLANG_WARN_CONSTANT_CONVERSION = YES;
				CLANG_WARN_DEPRECATED_OBJC_IMPLEMENTATIONS = YES;
				CLANG_WARN_DIRECT_OBJC_ISA_USAGE = YES_ERROR;
				CLANG_WARN_DOCUMENTATION_COMMENTS = YES;
				CLANG_WARN_EMPTY_BODY = YES;
				CLANG_WARN_ENUM_CONVERSION = YES;
				CLANG_WARN_INFINITE_RECURSION = YES;
				CLANG_WARN_INT_CONVERSION = YES;
				CLANG_WARN_NON_LITERAL_NULL_CONVERSION = YES;
				CLANG_WARN_OBJC_IMPLICIT_RETAIN_SELF = YES;
				CLANG_WARN_OBJC_LITERAL_CONVERSION = YES;
				CLANG_WARN_OBJC_ROOT_CLASS = YES_ERROR;
				CLANG_WARN_QUOTED_INCLUDE_IN_FRAMEWORK_HEADER = YES;
				CLANG_WARN_RANGE_LOOP_ANALYSIS = YES;
				CLANG_WARN_STRICT_PROTOTYPES = YES;
				CLANG_WARN_SUSPICIOUS_MOVE = YES;
				CLANG_WARN_UNGUARDED_AVAILABILITY = YES_AGGRESSIVE;
				CLANG_WARN_UNREACHABLE_CODE = YES;
				CLANG_WARN__DUPLICATE_METHOD_MATCH = YES;
				COPY_PHASE_STRIP = NO;
				DEBUG_INFORMATION_FORMAT = "dwarf-with-dsym";
				ENABLE_NS_ASSERTIONS = NO;
				ENABLE_STRICT_OBJC_MSGSEND = YES;
				GCC_C_LANGUAGE_STANDARD = gnu11;
				GCC_NO_COMMON_BLOCKS = YES;
				GCC_WARN_64_TO_32_BIT_CONVERSION = YES;
				GCC_WARN_ABOUT_RETURN_TYPE = YES_ERROR;
				GCC_WARN_UNDECLARED_SELECTOR = YES;
				GCC_WARN_UNINITIALIZED_AUTOS = YES_AGGRESSIVE;
				GCC_WARN_UNUSED_FUNCTION = YES;
				GCC_WARN_UNUSED_VARIABLE = YES;
				IPHONEOS_DEPLOYMENT_TARGET = 16.2;
				MTL_ENABLE_DEBUG_INFO = NO;
				MTL_FAST_MATH = YES;
				SDKROOT = iphoneos;
				SWIFT_COMPILATION_MODE = wholemodule;
				SWIFT_OPTIMIZATION_LEVEL = "-O";
				VALIDATE_PRODUCT = YES;
			};
			name = Release;
		};
		78C815AB2A3AED17001AF97E /* Debug */ = {
			isa = XCBuildConfiguration;
			baseConfigurationReference = AFD9C159A656EC7A64F35C6C /* Pods-myProject.debug.xcconfig */;
			buildSettings = {
				ASSETCATALOG_COMPILER_APPICON_NAME = AppIcon;
				ASSETCATALOG_COMPILER_GLOBAL_ACCENT_COLOR_NAME = AccentColor;
				CODE_SIGN_STYLE = Automatic;
				CURRENT_PROJECT_VERSION = 1;
				GENERATE_INFOPLIST_FILE = YES;
				INFOPLIST_FILE = myProject/Info.plist;
				INFOPLIST_KEY_UIApplicationSupportsIndirectInputEvents = YES;
				INFOPLIST_KEY_UILaunchStoryboardName = LaunchScreen;
				INFOPLIST_KEY_UIMainStoryboardFile = Main;
				INFOPLIST_KEY_UISupportedInterfaceOrientations_iPad = "UIInterfaceOrientationPortrait UIInterfaceOrientationPortraitUpsideDown UIInterfaceOrientationLandscapeLeft UIInterfaceOrientationLandscapeRight";
				INFOPLIST_KEY_UISupportedInterfaceOrientations_iPhone = "UIInterfaceOrientationPortrait UIInterfaceOrientationLandscapeLeft UIInterfaceOrientationLandscapeRight";
				LD_RUNPATH_SEARCH_PATHS = (
					"$(inherited)",
					"@executable_path/Frameworks",
				);
				MARKETING_VERSION = 1.0;
				PRODUCT_BUNDLE_IDENTIFIER = "Lee-seoyeon.myProject";
				PRODUCT_NAME = "$(TARGET_NAME)";
				SWIFT_EMIT_LOC_STRINGS = YES;
				SWIFT_VERSION = 5.0;
				TARGETED_DEVICE_FAMILY = "1,2";
			};
			name = Debug;
		};
		78C815AC2A3AED17001AF97E /* Release */ = {
			isa = XCBuildConfiguration;
			baseConfigurationReference = 76C1F0A4860FCE1C40CA4293 /* Pods-myProject.release.xcconfig */;
			buildSettings = {
				ASSETCATALOG_COMPILER_APPICON_NAME = AppIcon;
				ASSETCATALOG_COMPILER_GLOBAL_ACCENT_COLOR_NAME = AccentColor;
				CODE_SIGN_STYLE = Automatic;
				CURRENT_PROJECT_VERSION = 1;
				GENERATE_INFOPLIST_FILE = YES;
				INFOPLIST_FILE = myProject/Info.plist;
				INFOPLIST_KEY_UIApplicationSupportsIndirectInputEvents = YES;
				INFOPLIST_KEY_UILaunchStoryboardName = LaunchScreen;
				INFOPLIST_KEY_UIMainStoryboardFile = Main;
				INFOPLIST_KEY_UISupportedInterfaceOrientations_iPad = "UIInterfaceOrientationPortrait UIInterfaceOrientationPortraitUpsideDown UIInterfaceOrientationLandscapeLeft UIInterfaceOrientationLandscapeRight";
				INFOPLIST_KEY_UISupportedInterfaceOrientations_iPhone = "UIInterfaceOrientationPortrait UIInterfaceOrientationLandscapeLeft UIInterfaceOrientationLandscapeRight";
				LD_RUNPATH_SEARCH_PATHS = (
					"$(inherited)",
					"@executable_path/Frameworks",
				);
				MARKETING_VERSION = 1.0;
				PRODUCT_BUNDLE_IDENTIFIER = "Lee-seoyeon.myProject";
				PRODUCT_NAME = "$(TARGET_NAME)";
				SWIFT_EMIT_LOC_STRINGS = YES;
				SWIFT_VERSION = 5.0;
				TARGETED_DEVICE_FAMILY = "1,2";
			};
			name = Release;
		};
		78C815AE2A3AED17001AF97E /* Debug */ = {
			isa = XCBuildConfiguration;
			baseConfigurationReference = 97F9B7710EECA3C566DE7368 /* Pods-myProjectTests.debug.xcconfig */;
			buildSettings = {
				ALWAYS_EMBED_SWIFT_STANDARD_LIBRARIES = YES;
				BUNDLE_LOADER = "$(TEST_HOST)";
				CODE_SIGN_STYLE = Automatic;
				CURRENT_PROJECT_VERSION = 1;
				GENERATE_INFOPLIST_FILE = YES;
				IPHONEOS_DEPLOYMENT_TARGET = 16.2;
				MARKETING_VERSION = 1.0;
				PRODUCT_BUNDLE_IDENTIFIER = "Lee-seoyeon.myProjectTests";
				PRODUCT_NAME = "$(TARGET_NAME)";
				SWIFT_EMIT_LOC_STRINGS = NO;
				SWIFT_VERSION = 5.0;
				TARGETED_DEVICE_FAMILY = "1,2";
				TEST_HOST = "$(BUILT_PRODUCTS_DIR)/myProject.app/$(BUNDLE_EXECUTABLE_FOLDER_PATH)/myProject";
			};
			name = Debug;
		};
		78C815AF2A3AED17001AF97E /* Release */ = {
			isa = XCBuildConfiguration;
			baseConfigurationReference = 3B3EF891341D84355EE9E6CB /* Pods-myProjectTests.release.xcconfig */;
			buildSettings = {
				ALWAYS_EMBED_SWIFT_STANDARD_LIBRARIES = YES;
				BUNDLE_LOADER = "$(TEST_HOST)";
				CODE_SIGN_STYLE = Automatic;
				CURRENT_PROJECT_VERSION = 1;
				GENERATE_INFOPLIST_FILE = YES;
				IPHONEOS_DEPLOYMENT_TARGET = 16.2;
				MARKETING_VERSION = 1.0;
				PRODUCT_BUNDLE_IDENTIFIER = "Lee-seoyeon.myProjectTests";
				PRODUCT_NAME = "$(TARGET_NAME)";
				SWIFT_EMIT_LOC_STRINGS = NO;
				SWIFT_VERSION = 5.0;
				TARGETED_DEVICE_FAMILY = "1,2";
				TEST_HOST = "$(BUILT_PRODUCTS_DIR)/myProject.app/$(BUNDLE_EXECUTABLE_FOLDER_PATH)/myProject";
			};
			name = Release;
		};
		78C815B12A3AED17001AF97E /* Debug */ = {
			isa = XCBuildConfiguration;
			baseConfigurationReference = 926B65CA3F66D6B339C4D932 /* Pods-myProject-myProjectUITests.debug.xcconfig */;
			buildSettings = {
				ALWAYS_EMBED_SWIFT_STANDARD_LIBRARIES = YES;
				CODE_SIGN_STYLE = Automatic;
				CURRENT_PROJECT_VERSION = 1;
				GENERATE_INFOPLIST_FILE = YES;
				MARKETING_VERSION = 1.0;
				PRODUCT_BUNDLE_IDENTIFIER = "Lee-seoyeon.myProjectUITests";
				PRODUCT_NAME = "$(TARGET_NAME)";
				SWIFT_EMIT_LOC_STRINGS = NO;
				SWIFT_VERSION = 5.0;
				TARGETED_DEVICE_FAMILY = "1,2";
				TEST_TARGET_NAME = myProject;
			};
			name = Debug;
		};
		78C815B22A3AED17001AF97E /* Release */ = {
			isa = XCBuildConfiguration;
			baseConfigurationReference = B4F0FD85DF4C2645ABFB7948 /* Pods-myProject-myProjectUITests.release.xcconfig */;
			buildSettings = {
				ALWAYS_EMBED_SWIFT_STANDARD_LIBRARIES = YES;
				CODE_SIGN_STYLE = Automatic;
				CURRENT_PROJECT_VERSION = 1;
				GENERATE_INFOPLIST_FILE = YES;
				MARKETING_VERSION = 1.0;
				PRODUCT_BUNDLE_IDENTIFIER = "Lee-seoyeon.myProjectUITests";
				PRODUCT_NAME = "$(TARGET_NAME)";
				SWIFT_EMIT_LOC_STRINGS = NO;
				SWIFT_VERSION = 5.0;
				TARGETED_DEVICE_FAMILY = "1,2";
				TEST_TARGET_NAME = myProject;
			};
			name = Release;
		};
/* End XCBuildConfiguration section */

/* Begin XCConfigurationList section */
		78C8157B2A3AED16001AF97E /* Build configuration list for PBXProject "myProject" */ = {
			isa = XCConfigurationList;
			buildConfigurations = (
				78C815A82A3AED17001AF97E /* Debug */,
				78C815A92A3AED17001AF97E /* Release */,
			);
			defaultConfigurationIsVisible = 0;
			defaultConfigurationName = Release;
		};
		78C815AA2A3AED17001AF97E /* Build configuration list for PBXNativeTarget "myProject" */ = {
			isa = XCConfigurationList;
			buildConfigurations = (
				78C815AB2A3AED17001AF97E /* Debug */,
				78C815AC2A3AED17001AF97E /* Release */,
			);
			defaultConfigurationIsVisible = 0;
			defaultConfigurationName = Release;
		};
		78C815AD2A3AED17001AF97E /* Build configuration list for PBXNativeTarget "myProjectTests" */ = {
			isa = XCConfigurationList;
			buildConfigurations = (
				78C815AE2A3AED17001AF97E /* Debug */,
				78C815AF2A3AED17001AF97E /* Release */,
			);
			defaultConfigurationIsVisible = 0;
			defaultConfigurationName = Release;
		};
		78C815B02A3AED17001AF97E /* Build configuration list for PBXNativeTarget "myProjectUITests" */ = {
			isa = XCConfigurationList;
			buildConfigurations = (
				78C815B12A3AED17001AF97E /* Debug */,
				78C815B22A3AED17001AF97E /* Release */,
			);
			defaultConfigurationIsVisible = 0;
			defaultConfigurationName = Release;
		};
/* End XCConfigurationList section */
	};
	rootObject = 78C815782A3AED16001AF97E /* Project object */;
}
